
Microsoft Visual Studio Solution File, Format Version 12.00
# Visual Studio Version 17
VisualStudioVersion = 17.13.35931.197
MinimumVisualStudioVersion = 10.0.40219.1
Project("{8BC9CEB8-8B4A-11D0-8D11-00A0C91BC942}") = "xhunter_sdk", "xhunter_sdk\xhunter_sdk.vcxproj", "{6F49102B-74C4-4EBE-9239-100B3EA63641}"
	ProjectSection(ProjectDependencies) = postProject
		{C5EEE4DA-83D9-4A2C-9E7A-C1A5956350EE} = {C5EEE4DA-83D9-4A2C-9E7A-C1A5956350EE}
	EndProjectSection
EndProject
Project("{8BC9CEB8-8B4A-11D0-8D11-00A0C91BC942}") = "enc_dec", "enc_dec\enc_dec.vcxproj", "{747AA3D1-967C-442F-99E1-85DFA26198BA}"
EndProject
Project("{8BC9CEB8-8B4A-11D0-8D11-00A0C91BC942}") = "xhunter_sdk_lib", "xhunter_sdk_lib\xhunter_sdk_lib.vcxproj", "{C5EEE4DA-83D9-4A2C-9E7A-C1A5956350EE}"
EndProject
Global
	GlobalSection(SolutionConfigurationPlatforms) = preSolution
		Debug_Clang|x64 = Debug_Clang|x64
		Debug_Clang|x86 = Debug_Clang|x86
		Debug|x64 = Debug|x64
		Debug|x86 = Debug|x86
		Release_Clang_VMProtect|x64 = Release_Clang_VMProtect|x64
		Release_Clang_VMProtect|x86 = Release_Clang_VMProtect|x86
		Release_Clang|x64 = Release_Clang|x64
		Release_Clang|x86 = Release_Clang|x86
		Release_VMProtect|x64 = Release_VMProtect|x64
		Release_VMProtect|x86 = Release_VMProtect|x86
		Release|x64 = Release|x64
		Release|x86 = Release|x86
	EndGlobalSection
	GlobalSection(ProjectConfigurationPlatforms) = postSolution
		{6F49102B-74C4-4EBE-9239-100B3EA63641}.Debug_Clang|x64.ActiveCfg = Debug_Clang|x64
		{6F49102B-74C4-4EBE-9239-100B3EA63641}.Debug_Clang|x64.Build.0 = Debug_Clang|x64
		{6F49102B-74C4-4EBE-9239-100B3EA63641}.Debug_Clang|x86.ActiveCfg = Debug_Clang|Win32
		{6F49102B-74C4-4EBE-9239-100B3EA63641}.Debug_Clang|x86.Build.0 = Debug_Clang|Win32
		{6F49102B-74C4-4EBE-9239-100B3EA63641}.Debug|x64.ActiveCfg = Debug|x64
		{6F49102B-74C4-4EBE-9239-100B3EA63641}.Debug|x64.Build.0 = Debug|x64
		{6F49102B-74C4-4EBE-9239-100B3EA63641}.Debug|x86.ActiveCfg = Debug|Win32
		{6F49102B-74C4-4EBE-9239-100B3EA63641}.Debug|x86.Build.0 = Debug|Win32
		{6F49102B-74C4-4EBE-9239-100B3EA63641}.Release_Clang_VMProtect|x64.ActiveCfg = Release_Clang_VMProtect|x64
		{6F49102B-74C4-4EBE-9239-100B3EA63641}.Release_Clang_VMProtect|x64.Build.0 = Release_Clang_VMProtect|x64
		{6F49102B-74C4-4EBE-9239-100B3EA63641}.Release_Clang_VMProtect|x86.ActiveCfg = Release_Clang_VMProtect|Win32
		{6F49102B-74C4-4EBE-9239-100B3EA63641}.Release_Clang_VMProtect|x86.Build.0 = Release_Clang_VMProtect|Win32
		{6F49102B-74C4-4EBE-9239-100B3EA63641}.Release_Clang|x64.ActiveCfg = Release_Clang|x64
		{6F49102B-74C4-4EBE-9239-100B3EA63641}.Release_Clang|x64.Build.0 = Release_Clang|x64
		{6F49102B-74C4-4EBE-9239-100B3EA63641}.Release_Clang|x86.ActiveCfg = Release_Clang|Win32
		{6F49102B-74C4-4EBE-9239-100B3EA63641}.Release_Clang|x86.Build.0 = Release_Clang|Win32
		{6F49102B-74C4-4EBE-9239-100B3EA63641}.Release_VMProtect|x64.ActiveCfg = Release_VMProtect|x64
		{6F49102B-74C4-4EBE-9239-100B3EA63641}.Release_VMProtect|x64.Build.0 = Release_VMProtect|x64
		{6F49102B-74C4-4EBE-9239-100B3EA63641}.Release_VMProtect|x86.ActiveCfg = Release_VMProtect|Win32
		{6F49102B-74C4-4EBE-9239-100B3EA63641}.Release_VMProtect|x86.Build.0 = Release_VMProtect|Win32
		{6F49102B-74C4-4EBE-9239-100B3EA63641}.Release|x64.ActiveCfg = Release|x64
		{6F49102B-74C4-4EBE-9239-100B3EA63641}.Release|x64.Build.0 = Release|x64
		{6F49102B-74C4-4EBE-9239-100B3EA63641}.Release|x86.ActiveCfg = Release|Win32
		{6F49102B-74C4-4EBE-9239-100B3EA63641}.Release|x86.Build.0 = Release|Win32
		{747AA3D1-967C-442F-99E1-85DFA26198BA}.Debug_Clang|x64.ActiveCfg = Debug_Clang|x64
		{747AA3D1-967C-442F-99E1-85DFA26198BA}.Debug_Clang|x64.Build.0 = Debug_Clang|x64
		{747AA3D1-967C-442F-99E1-85DFA26198BA}.Debug_Clang|x86.ActiveCfg = Debug_Clang|Win32
		{747AA3D1-967C-442F-99E1-85DFA26198BA}.Debug_Clang|x86.Build.0 = Debug_Clang|Win32
		{747AA3D1-967C-442F-99E1-85DFA26198BA}.Debug|x64.ActiveCfg = Debug|x64
		{747AA3D1-967C-442F-99E1-85DFA26198BA}.Debug|x64.Build.0 = Debug|x64
		{747AA3D1-967C-442F-99E1-85DFA26198BA}.Debug|x86.ActiveCfg = Debug|Win32
		{747AA3D1-967C-442F-99E1-85DFA26198BA}.Debug|x86.Build.0 = Debug|Win32
		{747AA3D1-967C-442F-99E1-85DFA26198BA}.Release_Clang_VMProtect|x64.ActiveCfg = Release_Clang_VMProtect|x64
		{747AA3D1-967C-442F-99E1-85DFA26198BA}.Release_Clang_VMProtect|x64.Build.0 = Release_Clang_VMProtect|x64
		{747AA3D1-967C-442F-99E1-85DFA26198BA}.Release_Clang_VMProtect|x86.ActiveCfg = Release_Clang_VMProtect|Win32
		{747AA3D1-967C-442F-99E1-85DFA26198BA}.Release_Clang_VMProtect|x86.Build.0 = Release_Clang_VMProtect|Win32
		{747AA3D1-967C-442F-99E1-85DFA26198BA}.Release_Clang|x64.ActiveCfg = Release_Clang|x64
		{747AA3D1-967C-442F-99E1-85DFA26198BA}.Release_Clang|x64.Build.0 = Release_Clang|x64
		{747AA3D1-967C-442F-99E1-85DFA26198BA}.Release_Clang|x86.ActiveCfg = Release_Clang|Win32
		{747AA3D1-967C-442F-99E1-85DFA26198BA}.Release_Clang|x86.Build.0 = Release_Clang|Win32
		{747AA3D1-967C-442F-99E1-85DFA26198BA}.Release_VMProtect|x64.ActiveCfg = Release_VMProtect|x64
		{747AA3D1-967C-442F-99E1-85DFA26198BA}.Release_VMProtect|x64.Build.0 = Release_VMProtect|x64
		{747AA3D1-967C-442F-99E1-85DFA26198BA}.Release_VMProtect|x86.ActiveCfg = Release_VMProtect|Win32
		{747AA3D1-967C-442F-99E1-85DFA26198BA}.Release_VMProtect|x86.Build.0 = Release_VMProtect|Win32
		{747AA3D1-967C-442F-99E1-85DFA26198BA}.Release|x64.ActiveCfg = Release|x64
		{747AA3D1-967C-442F-99E1-85DFA26198BA}.Release|x64.Build.0 = Release|x64
		{747AA3D1-967C-442F-99E1-85DFA26198BA}.Release|x86.ActiveCfg = Release|Win32
		{747AA3D1-967C-442F-99E1-85DFA26198BA}.Release|x86.Build.0 = Release|Win32
		{C5EEE4DA-83D9-4A2C-9E7A-C1A5956350EE}.Debug_Clang|x64.ActiveCfg = Debug_Clang|x64
		{C5EEE4DA-83D9-4A2C-9E7A-C1A5956350EE}.Debug_Clang|x64.Build.0 = Debug_Clang|x64
		{C5EEE4DA-83D9-4A2C-9E7A-C1A5956350EE}.Debug_Clang|x86.ActiveCfg = Debug_Clang|Win32
		{C5EEE4DA-83D9-4A2C-9E7A-C1A5956350EE}.Debug_Clang|x86.Build.0 = Debug_Clang|Win32
		{C5EEE4DA-83D9-4A2C-9E7A-C1A5956350EE}.Debug|x64.ActiveCfg = Debug|x64
		{C5EEE4DA-83D9-4A2C-9E7A-C1A5956350EE}.Debug|x64.Build.0 = Debug|x64
		{C5EEE4DA-83D9-4A2C-9E7A-C1A5956350EE}.Debug|x86.ActiveCfg = Debug|Win32
		{C5EEE4DA-83D9-4A2C-9E7A-C1A5956350EE}.Debug|x86.Build.0 = Debug|Win32
		{C5EEE4DA-83D9-4A2C-9E7A-C1A5956350EE}.Release_Clang_VMProtect|x64.ActiveCfg = Release_Clang_VMProtect|x64
		{C5EEE4DA-83D9-4A2C-9E7A-C1A5956350EE}.Release_Clang_VMProtect|x64.Build.0 = Release_Clang_VMProtect|x64
		{C5EEE4DA-83D9-4A2C-9E7A-C1A5956350EE}.Release_Clang_VMProtect|x86.ActiveCfg = Release_Clang_VMProtect|Win32
		{C5EEE4DA-83D9-4A2C-9E7A-C1A5956350EE}.Release_Clang_VMProtect|x86.Build.0 = Release_Clang_VMProtect|Win32
		{C5EEE4DA-83D9-4A2C-9E7A-C1A5956350EE}.Release_Clang|x64.ActiveCfg = Release_Clang|x64
		{C5EEE4DA-83D9-4A2C-9E7A-C1A5956350EE}.Release_Clang|x64.Build.0 = Release_Clang|x64
		{C5EEE4DA-83D9-4A2C-9E7A-C1A5956350EE}.Release_Clang|x86.ActiveCfg = Release_Clang|Win32
		{C5EEE4DA-83D9-4A2C-9E7A-C1A5956350EE}.Release_Clang|x86.Build.0 = Release_Clang|Win32
		{C5EEE4DA-83D9-4A2C-9E7A-C1A5956350EE}.Release_VMProtect|x64.ActiveCfg = Release_VMProtect|x64
		{C5EEE4DA-83D9-4A2C-9E7A-C1A5956350EE}.Release_VMProtect|x64.Build.0 = Release_VMProtect|x64
		{C5EEE4DA-83D9-4A2C-9E7A-C1A5956350EE}.Release_VMProtect|x86.ActiveCfg = Release_VMProtect|Win32
		{C5EEE4DA-83D9-4A2C-9E7A-C1A5956350EE}.Release_VMProtect|x86.Build.0 = Release_VMProtect|Win32
		{C5EEE4DA-83D9-4A2C-9E7A-C1A5956350EE}.Release|x64.ActiveCfg = Release|x64
		{C5EEE4DA-83D9-4A2C-9E7A-C1A5956350EE}.Release|x64.Build.0 = Release|x64
		{C5EEE4DA-83D9-4A2C-9E7A-C1A5956350EE}.Release|x86.ActiveCfg = Release|Win32
		{C5EEE4DA-83D9-4A2C-9E7A-C1A5956350EE}.Release|x86.Build.0 = Release|Win32
	EndGlobalSection
	GlobalSection(SolutionProperties) = preSolution
		HideSolutionNode = FALSE
	EndGlobalSection
	GlobalSection(ExtensibilityGlobals) = postSolution
		SolutionGuid = {7AEE8975-94FF-41BA-9A3B-425D6F80B820}
	EndGlobalSection
EndGlobal
